
Microsoft Visual Studio Solution File, Format Version 12.00
# Visual Studio Version 17
VisualStudioVersion = 17.7.34009.444
MinimumVisualStudioVersion = 10.0.40219.1
Project("{FAE04EC0-301F-11D3-BF4B-00C04F79EFBC}") = "Projeto SmartHint", "Projeto SmartHint\Projeto SmartHint.csproj", "{7D5C4824-C8CB-49BD-90FF-0E3547E86110}"
EndProject
Global
	GlobalSection(SolutionConfigurationPlatforms) = preSolution
		Debug|Any CPU = Debug|Any CPU
		Release|Any CPU = Release|Any CPU
	EndGlobalSection
	GlobalSection(ProjectConfigurationPlatforms) = postSolution
		{7D5C4824-C8CB-49BD-90FF-0E3547E86110}.Debug|Any CPU.ActiveCfg = Debug|Any CPU
		{7D5C4824-C8CB-49BD-90FF-0E3547E86110}.Debug|Any CPU.Build.0 = Debug|Any CPU
		{7D5C4824-C8CB-49BD-90FF-0E3547E86110}.Release|Any CPU.ActiveCfg = Release|Any CPU
		{7D5C4824-C8CB-49BD-90FF-0E3547E86110}.Release|Any CPU.Build.0 = Release|Any CPU
	EndGlobalSection
	GlobalSection(SolutionProperties) = preSolution
		HideSolutionNode = FALSE
	EndGlobalSection
	GlobalSection(ExtensibilityGlobals) = postSolution
		SolutionGuid = {0A0DE776-187D-4E81-B9D9-D978240309D2}
	EndGlobalSection
EndGlobal
